{
  "version": "5",
  "specifiers": {
    "jsr:@std/cli@^1.0.6": "1.0.27",
    "jsr:@std/encoding@^1.0.5": "1.0.5",
    "jsr:@std/fmt@^1.0.2": "1.0.9",
    "jsr:@std/http@*": "1.0.8",
    "jsr:@std/http@1": "1.0.8",
    "jsr:@std/media-types@^1.0.3": "1.0.3",
    "jsr:@std/net@^1.0.4": "1.0.6",
    "jsr:@std/path@^1.0.6": "1.0.6",
    "jsr:@std/streams@^1.0.7": "1.0.17"
  },
  "jsr": {
    "@std/cli@1.0.27": {
      "integrity": "eba97edd0891871a7410e835dd94b3c260c709cca5983df2689c25a71fbe04de"
    },
    "@std/encoding@1.0.5": {
      "integrity": "ecf363d4fc25bd85bd915ff6733a7e79b67e0e7806334af15f4645c569fefc04"
    },
    "@std/fmt@1.0.9": {
      "integrity": "2487343e8899fb2be5d0e3d35013e54477ada198854e52dd05ed0422eddcabe0"
    },
    "@std/http@1.0.8": {
      "integrity": "6ea1b2e8d33929967754a3b6d6c6f399ad6647d7bbb5a466c1eaf9b294a6ebcd",
      "dependencies": [
        "jsr:@std/cli",
        "jsr:@std/encoding",
        "jsr:@std/fmt",
        "jsr:@std/media-types",
        "jsr:@std/net",
        "jsr:@std/path",
        "jsr:@std/streams"
      ]
    },
    "@std/media-types@1.0.3": {
      "integrity": "b12d30a7852f7578f4d210622df713bbfd1cbdd9b4ec2eaf5c1845ab70bab159"
    },
    "@std/net@1.0.6": {
      "integrity": "110735f93e95bb9feb95790a8b1d1bf69ec0dc74f3f97a00a76ea5efea25500c"
    },
    "@std/path@1.0.6": {
      "integrity": "ab2c55f902b380cf28e0eec501b4906e4c1960d13f00e11cfbcd21de15f18fed"
    },
    "@std/streams@1.0.17": {
      "integrity": "7859f3d9deed83cf4b41f19223d4a67661b3d3819e9fc117698f493bf5992140"
    }
  }
}
